// !$*UTF8*$!
{
	archiveVersion = 1;
	classes = {
	};
	objectVersion = 56;
	objects = {

/* Begin PBXBuildFile section */
		DA31BC712A39E88400F1C6E0 /* AppDelegate.swift in Sources */ = {isa = PBXBuildFile; fileRef = DA31BC702A39E88400F1C6E0 /* AppDelegate.swift */; };
		DA31BC732A39E88400F1C6E0 /* SceneDelegate.swift in Sources */ = {isa = PBXBuildFile; fileRef = DA31BC722A39E88400F1C6E0 /* SceneDelegate.swift */; };
		DA31BC752A39E88400F1C6E0 /* ViewController.swift in Sources */ = {isa = PBXBuildFile; fileRef = DA31BC742A39E88400F1C6E0 /* ViewController.swift */; };
		DA31BC782A39E88400F1C6E0 /* Main.storyboard in Resources */ = {isa = PBXBuildFile; fileRef = DA31BC762A39E88400F1C6E0 /* Main.storyboard */; };
		DA31BC7A2A39E88600F1C6E0 /* Assets.xcassets in Resources */ = {isa = PBXBuildFile; fileRef = DA31BC792A39E88600F1C6E0 /* Assets.xcassets */; };
		DA31BC7D2A39E88600F1C6E0 /* LaunchScreen.storyboard in Resources */ = {isa = PBXBuildFile; fileRef = DA31BC7B2A39E88600F1C6E0 /* LaunchScreen.storyboard */; };
		DA31BC872A39EBAD00F1C6E0 /* NibLoadingView.swift in Sources */ = {isa = PBXBuildFile; fileRef = DA31BC862A39EBAD00F1C6E0 /* NibLoadingView.swift */; };
		DA31BC912A39EC0500F1C6E0 /* MainpagePresenter.swift in Sources */ = {isa = PBXBuildFile; fileRef = DA31BC8B2A39EC0500F1C6E0 /* MainpagePresenter.swift */; };
		DA31BC922A39EC0500F1C6E0 /* MainpageWorker.swift in Sources */ = {isa = PBXBuildFile; fileRef = DA31BC8C2A39EC0500F1C6E0 /* MainpageWorker.swift */; };
		DA31BC932A39EC0500F1C6E0 /* MainpageRouter.swift in Sources */ = {isa = PBXBuildFile; fileRef = DA31BC8D2A39EC0500F1C6E0 /* MainpageRouter.swift */; };
		DA31BC942A39EC0500F1C6E0 /* MainpageModels.swift in Sources */ = {isa = PBXBuildFile; fileRef = DA31BC8E2A39EC0500F1C6E0 /* MainpageModels.swift */; };
		DA31BC952A39EC0500F1C6E0 /* MainpageViewController.swift in Sources */ = {isa = PBXBuildFile; fileRef = DA31BC8F2A39EC0500F1C6E0 /* MainpageViewController.swift */; };
		DA31BC962A39EC0500F1C6E0 /* MainpageInteractor.swift in Sources */ = {isa = PBXBuildFile; fileRef = DA31BC902A39EC0500F1C6E0 /* MainpageInteractor.swift */; };
		DA31BC982A39EC0F00F1C6E0 /* Mainpage.xib in Resources */ = {isa = PBXBuildFile; fileRef = DA31BC972A39EC0F00F1C6E0 /* Mainpage.xib */; };
		DACE11A42A39F93000738B16 /* BTCModel.swift in Sources */ = {isa = PBXBuildFile; fileRef = DACE11A32A39F93000738B16 /* BTCModel.swift */; };
		DACE11A82A3A3F9B00738B16 /* BTCCardCollectionViewCell.swift in Sources */ = {isa = PBXBuildFile; fileRef = DACE11A72A3A3F9B00738B16 /* BTCCardCollectionViewCell.swift */; };
		DACE11AA2A3A3FA800738B16 /* BTCCardCollectionViewCell.xib in Resources */ = {isa = PBXBuildFile; fileRef = DACE11A92A3A3FA800738B16 /* BTCCardCollectionViewCell.xib */; };
		DADE93332A3B5EA4001823E5 /* HistoryBTCViewCell.xib in Resources */ = {isa = PBXBuildFile; fileRef = DADE93322A3B5EA4001823E5 /* HistoryBTCViewCell.xib */; };
		DADE93352A3B5EB5001823E5 /* HistoryBTCViewCell.swift in Sources */ = {isa = PBXBuildFile; fileRef = DADE93342A3B5EB5001823E5 /* HistoryBTCViewCell.swift */; };
		DAEB44CB2A3C5F3C0036FDA4 /* NeverGiveUpBTCTests.swift in Sources */ = {isa = PBXBuildFile; fileRef = DAEB44CA2A3C5F3C0036FDA4 /* NeverGiveUpBTCTests.swift */; };
		FEAF0D0C48A883FC473D7CA5 /* Pods_NeverGiveUpBTC.framework in Frameworks */ = {isa = PBXBuildFile; fileRef = 4179CC788045AB8C1E78C606 /* Pods_NeverGiveUpBTC.framework */; };
/* End PBXBuildFile section */

/* Begin PBXContainerItemProxy section */
		DAEB44CC2A3C5F3C0036FDA4 /* PBXContainerItemProxy */ = {
			isa = PBXContainerItemProxy;
			containerPortal = DA31BC652A39E88400F1C6E0 /* Project object */;
			proxyType = 1;
			remoteGlobalIDString = DA31BC6C2A39E88400F1C6E0;
			remoteInfo = NeverGiveUpBTC;
		};
/* End PBXContainerItemProxy section */

/* Begin PBXFileReference section */
		4179CC788045AB8C1E78C606 /* Pods_NeverGiveUpBTC.framework */ = {isa = PBXFileReference; explicitFileType = wrapper.framework; includeInIndex = 0; path = Pods_NeverGiveUpBTC.framework; sourceTree = BUILT_PRODUCTS_DIR; };
		B39B9FC087F299E35D572D34 /* Pods-NeverGiveUpBTC.release.xcconfig */ = {isa = PBXFileReference; includeInIndex = 1; lastKnownFileType = text.xcconfig; name = "Pods-NeverGiveUpBTC.release.xcconfig"; path = "Target Support Files/Pods-NeverGiveUpBTC/Pods-NeverGiveUpBTC.release.xcconfig"; sourceTree = "<group>"; };
		DA31BC6D2A39E88400F1C6E0 /* NeverGiveUpBTC.app */ = {isa = PBXFileReference; explicitFileType = wrapper.application; includeInIndex = 0; path = NeverGiveUpBTC.app; sourceTree = BUILT_PRODUCTS_DIR; };
		DA31BC702A39E88400F1C6E0 /* AppDelegate.swift */ = {isa = PBXFileReference; lastKnownFileType = sourcecode.swift; path = AppDelegate.swift; sourceTree = "<group>"; };
		DA31BC722A39E88400F1C6E0 /* SceneDelegate.swift */ = {isa = PBXFileReference; lastKnownFileType = sourcecode.swift; path = SceneDelegate.swift; sourceTree = "<group>"; };
		DA31BC742A39E88400F1C6E0 /* ViewController.swift */ = {isa = PBXFileReference; lastKnownFileType = sourcecode.swift; path = ViewController.swift; sourceTree = "<group>"; };
		DA31BC772A39E88400F1C6E0 /* Base */ = {isa = PBXFileReference; lastKnownFileType = file.storyboard; name = Base; path = Base.lproj/Main.storyboard; sourceTree = "<group>"; };
		DA31BC792A39E88600F1C6E0 /* Assets.xcassets */ = {isa = PBXFileReference; lastKnownFileType = folder.assetcatalog; path = Assets.xcassets; sourceTree = "<group>"; };
		DA31BC7C2A39E88600F1C6E0 /* Base */ = {isa = PBXFileReference; lastKnownFileType = file.storyboard; name = Base; path = Base.lproj/LaunchScreen.storyboard; sourceTree = "<group>"; };
		DA31BC7E2A39E88600F1C6E0 /* Info.plist */ = {isa = PBXFileReference; lastKnownFileType = text.plist.xml; path = Info.plist; sourceTree = "<group>"; };
		DA31BC862A39EBAD00F1C6E0 /* NibLoadingView.swift */ = {isa = PBXFileReference; lastKnownFileType = sourcecode.swift; path = NibLoadingView.swift; sourceTree = "<group>"; };
		DA31BC8B2A39EC0500F1C6E0 /* MainpagePresenter.swift */ = {isa = PBXFileReference; lastKnownFileType = sourcecode.swift; path = MainpagePresenter.swift; sourceTree = "<group>"; };
		DA31BC8C2A39EC0500F1C6E0 /* MainpageWorker.swift */ = {isa = PBXFileReference; lastKnownFileType = sourcecode.swift; path = MainpageWorker.swift; sourceTree = "<group>"; };
		DA31BC8D2A39EC0500F1C6E0 /* MainpageRouter.swift */ = {isa = PBXFileReference; lastKnownFileType = sourcecode.swift; path = MainpageRouter.swift; sourceTree = "<group>"; };
		DA31BC8E2A39EC0500F1C6E0 /* MainpageModels.swift */ = {isa = PBXFileReference; lastKnownFileType = sourcecode.swift; path = MainpageModels.swift; sourceTree = "<group>"; };
		DA31BC8F2A39EC0500F1C6E0 /* MainpageViewController.swift */ = {isa = PBXFileReference; lastKnownFileType = sourcecode.swift; path = MainpageViewController.swift; sourceTree = "<group>"; };
		DA31BC902A39EC0500F1C6E0 /* MainpageInteractor.swift */ = {isa = PBXFileReference; lastKnownFileType = sourcecode.swift; path = MainpageInteractor.swift; sourceTree = "<group>"; };
		DA31BC972A39EC0F00F1C6E0 /* Mainpage.xib */ = {isa = PBXFileReference; lastKnownFileType = file.xib; path = Mainpage.xib; sourceTree = "<group>"; };
		DACE11A32A39F93000738B16 /* BTCModel.swift */ = {isa = PBXFileReference; lastKnownFileType = sourcecode.swift; path = BTCModel.swift; sourceTree = "<group>"; };
		DACE11A72A3A3F9B00738B16 /* BTCCardCollectionViewCell.swift */ = {isa = PBXFileReference; lastKnownFileType = sourcecode.swift; path = BTCCardCollectionViewCell.swift; sourceTree = "<group>"; };
		DACE11A92A3A3FA800738B16 /* BTCCardCollectionViewCell.xib */ = {isa = PBXFileReference; lastKnownFileType = file.xib; path = BTCCardCollectionViewCell.xib; sourceTree = "<group>"; };
		DADE93322A3B5EA4001823E5 /* HistoryBTCViewCell.xib */ = {isa = PBXFileReference; lastKnownFileType = file.xib; path = HistoryBTCViewCell.xib; sourceTree = "<group>"; };
		DADE93342A3B5EB5001823E5 /* HistoryBTCViewCell.swift */ = {isa = PBXFileReference; lastKnownFileType = sourcecode.swift; path = HistoryBTCViewCell.swift; sourceTree = "<group>"; };
		DAEB44C82A3C5F3C0036FDA4 /* NeverGiveUpBTCTests.xctest */ = {isa = PBXFileReference; explicitFileType = wrapper.cfbundle; includeInIndex = 0; path = NeverGiveUpBTCTests.xctest; sourceTree = BUILT_PRODUCTS_DIR; };
		DAEB44CA2A3C5F3C0036FDA4 /* NeverGiveUpBTCTests.swift */ = {isa = PBXFileReference; lastKnownFileType = sourcecode.swift; path = NeverGiveUpBTCTests.swift; sourceTree = "<group>"; };
		EE8C7175411D14E4A9B8EFFF /* Pods-NeverGiveUpBTC.debug.xcconfig */ = {isa = PBXFileReference; includeInIndex = 1; lastKnownFileType = text.xcconfig; name = "Pods-NeverGiveUpBTC.debug.xcconfig"; path = "Target Support Files/Pods-NeverGiveUpBTC/Pods-NeverGiveUpBTC.debug.xcconfig"; sourceTree = "<group>"; };
/* End PBXFileReference section */

/* Begin PBXFrameworksBuildPhase section */
		DA31BC6A2A39E88400F1C6E0 /* Frameworks */ = {
			isa = PBXFrameworksBuildPhase;
			buildActionMask = 2147483647;
			files = (
				FEAF0D0C48A883FC473D7CA5 /* Pods_NeverGiveUpBTC.framework in Frameworks */,
			);
			runOnlyForDeploymentPostprocessing = 0;
		};
		DAEB44C52A3C5F3C0036FDA4 /* Frameworks */ = {
			isa = PBXFrameworksBuildPhase;
			buildActionMask = 2147483647;
			files = (
			);
			runOnlyForDeploymentPostprocessing = 0;
		};
/* End PBXFrameworksBuildPhase section */

/* Begin PBXGroup section */
		16D286A08D515028E44715F0 /* Frameworks */ = {
			isa = PBXGroup;
			children = (
				4179CC788045AB8C1E78C606 /* Pods_NeverGiveUpBTC.framework */,
			);
			name = Frameworks;
			sourceTree = "<group>";
		};
		6B5713CAB5368F0AB8565272 /* Pods */ = {
			isa = PBXGroup;
			children = (
				EE8C7175411D14E4A9B8EFFF /* Pods-NeverGiveUpBTC.debug.xcconfig */,
				B39B9FC087F299E35D572D34 /* Pods-NeverGiveUpBTC.release.xcconfig */,
			);
			path = Pods;
			sourceTree = "<group>";
		};
		DA31BC642A39E88400F1C6E0 = {
			isa = PBXGroup;
			children = (
				DA31BC6F2A39E88400F1C6E0 /* NeverGiveUpBTC */,
				DAEB44C92A3C5F3C0036FDA4 /* NeverGiveUpBTCTests */,
				DA31BC6E2A39E88400F1C6E0 /* Products */,
				6B5713CAB5368F0AB8565272 /* Pods */,
				16D286A08D515028E44715F0 /* Frameworks */,
			);
			sourceTree = "<group>";
		};
		DA31BC6E2A39E88400F1C6E0 /* Products */ = {
			isa = PBXGroup;
			children = (
				DA31BC6D2A39E88400F1C6E0 /* NeverGiveUpBTC.app */,
				DAEB44C82A3C5F3C0036FDA4 /* NeverGiveUpBTCTests.xctest */,
			);
			name = Products;
			sourceTree = "<group>";
		};
		DA31BC6F2A39E88400F1C6E0 /* NeverGiveUpBTC */ = {
			isa = PBXGroup;
			children = (
				DADE932E2A3B5E7B001823E5 /* UITableViewCell */,
				DACE11A52A3A3F4F00738B16 /* UICollectionView */,
				DA31BC992A39ECB300F1C6E0 /* Service */,
				DA31BC852A39EBA400F1C6E0 /* Utils */,
				DA31BC842A39EB7B00F1C6E0 /* Flow */,
				DA31BC702A39E88400F1C6E0 /* AppDelegate.swift */,
				DA31BC722A39E88400F1C6E0 /* SceneDelegate.swift */,
				DA31BC742A39E88400F1C6E0 /* ViewController.swift */,
				DA31BC762A39E88400F1C6E0 /* Main.storyboard */,
				DA31BC792A39E88600F1C6E0 /* Assets.xcassets */,
				DA31BC7B2A39E88600F1C6E0 /* LaunchScreen.storyboard */,
				DA31BC7E2A39E88600F1C6E0 /* Info.plist */,
			);
			path = NeverGiveUpBTC;
			sourceTree = "<group>";
		};
		DA31BC842A39EB7B00F1C6E0 /* Flow */ = {
			isa = PBXGroup;
			children = (
				DA31BC882A39EBD300F1C6E0 /* Mainpage */,
			);
			path = Flow;
			sourceTree = "<group>";
		};
		DA31BC852A39EBA400F1C6E0 /* Utils */ = {
			isa = PBXGroup;
			children = (
				DA31BC862A39EBAD00F1C6E0 /* NibLoadingView.swift */,
			);
			path = Utils;
			sourceTree = "<group>";
		};
		DA31BC882A39EBD300F1C6E0 /* Mainpage */ = {
			isa = PBXGroup;
			children = (
				DA31BC8A2A39EBE500F1C6E0 /* Xib */,
				DA31BC892A39EBDE00F1C6E0 /* Scene */,
			);
			path = Mainpage;
			sourceTree = "<group>";
		};
		DA31BC892A39EBDE00F1C6E0 /* Scene */ = {
			isa = PBXGroup;
			children = (
				DA31BC8B2A39EC0500F1C6E0 /* MainpagePresenter.swift */,
				DA31BC8C2A39EC0500F1C6E0 /* MainpageWorker.swift */,
				DA31BC8D2A39EC0500F1C6E0 /* MainpageRouter.swift */,
				DA31BC8E2A39EC0500F1C6E0 /* MainpageModels.swift */,
				DA31BC8F2A39EC0500F1C6E0 /* MainpageViewController.swift */,
				DA31BC902A39EC0500F1C6E0 /* MainpageInteractor.swift */,
			);
			path = Scene;
			sourceTree = "<group>";
		};
		DA31BC8A2A39EBE500F1C6E0 /* Xib */ = {
			isa = PBXGroup;
			children = (
				DA31BC972A39EC0F00F1C6E0 /* Mainpage.xib */,
			);
			path = Xib;
			sourceTree = "<group>";
		};
		DA31BC992A39ECB300F1C6E0 /* Service */ = {
			isa = PBXGroup;
			children = (
				DA31BC9A2A39ECB800F1C6E0 /* Model */,
			);
			path = Service;
			sourceTree = "<group>";
		};
		DA31BC9A2A39ECB800F1C6E0 /* Model */ = {
			isa = PBXGroup;
			children = (
				DACE11A32A39F93000738B16 /* BTCModel.swift */,
			);
			path = Model;
			sourceTree = "<group>";
		};
		DACE11A52A3A3F4F00738B16 /* UICollectionView */ = {
			isa = PBXGroup;
			children = (
				DACE11A62A3A3F5C00738B16 /* BTCCardCollectionViewCell */,
			);
			path = UICollectionView;
			sourceTree = "<group>";
		};
		DACE11A62A3A3F5C00738B16 /* BTCCardCollectionViewCell */ = {
			isa = PBXGroup;
			children = (
				DACE11A72A3A3F9B00738B16 /* BTCCardCollectionViewCell.swift */,
				DACE11A92A3A3FA800738B16 /* BTCCardCollectionViewCell.xib */,
			);
			path = BTCCardCollectionViewCell;
			sourceTree = "<group>";
		};
		DADE932E2A3B5E7B001823E5 /* UITableViewCell */ = {
			isa = PBXGroup;
			children = (
				DADE932F2A3B5E82001823E5 /* HistoryBTCViewCell */,
			);
			path = UITableViewCell;
			sourceTree = "<group>";
		};
		DADE932F2A3B5E82001823E5 /* HistoryBTCViewCell */ = {
			isa = PBXGroup;
			children = (
				DADE93322A3B5EA4001823E5 /* HistoryBTCViewCell.xib */,
				DADE93342A3B5EB5001823E5 /* HistoryBTCViewCell.swift */,
			);
			path = HistoryBTCViewCell;
			sourceTree = "<group>";
		};
		DAEB44C92A3C5F3C0036FDA4 /* NeverGiveUpBTCTests */ = {
			isa = PBXGroup;
			children = (
				DAEB44CA2A3C5F3C0036FDA4 /* NeverGiveUpBTCTests.swift */,
			);
			path = NeverGiveUpBTCTests;
			sourceTree = "<group>";
		};
/* End PBXGroup section */

/* Begin PBXNativeTarget section */
		DA31BC6C2A39E88400F1C6E0 /* NeverGiveUpBTC */ = {
			isa = PBXNativeTarget;
			buildConfigurationList = DA31BC812A39E88600F1C6E0 /* Build configuration list for PBXNativeTarget "NeverGiveUpBTC" */;
			buildPhases = (
				D5CFB871577066BC75FEF36E /* [CP] Check Pods Manifest.lock */,
				DA31BC692A39E88400F1C6E0 /* Sources */,
				DA31BC6A2A39E88400F1C6E0 /* Frameworks */,
				DA31BC6B2A39E88400F1C6E0 /* Resources */,
				1B8AA46C41A57B11578434C7 /* [CP] Embed Pods Frameworks */,
			);
			buildRules = (
			);
			dependencies = (
			);
			name = NeverGiveUpBTC;
			productName = NeverGiveUpBTC;
			productReference = DA31BC6D2A39E88400F1C6E0 /* NeverGiveUpBTC.app */;
			productType = "com.apple.product-type.application";
		};
		DAEB44C72A3C5F3C0036FDA4 /* NeverGiveUpBTCTests */ = {
			isa = PBXNativeTarget;
			buildConfigurationList = DAEB44D02A3C5F3D0036FDA4 /* Build configuration list for PBXNativeTarget "NeverGiveUpBTCTests" */;
			buildPhases = (
				DAEB44C42A3C5F3C0036FDA4 /* Sources */,
				DAEB44C52A3C5F3C0036FDA4 /* Frameworks */,
				DAEB44C62A3C5F3C0036FDA4 /* Resources */,
			);
			buildRules = (
			);
			dependencies = (
				DAEB44CD2A3C5F3C0036FDA4 /* PBXTargetDependency */,
			);
			name = NeverGiveUpBTCTests;
			productName = NeverGiveUpBTCTests;
			productReference = DAEB44C82A3C5F3C0036FDA4 /* NeverGiveUpBTCTests.xctest */;
			productType = "com.apple.product-type.bundle.unit-test";
		};
/* End PBXNativeTarget section */

/* Begin PBXProject section */
		DA31BC652A39E88400F1C6E0 /* Project object */ = {
			isa = PBXProject;
			attributes = {
				BuildIndependentTargetsInParallel = 1;
				LastSwiftUpdateCheck = 1420;
				LastUpgradeCheck = 1420;
				TargetAttributes = {
					DA31BC6C2A39E88400F1C6E0 = {
						CreatedOnToolsVersion = 14.2;
					};
					DAEB44C72A3C5F3C0036FDA4 = {
						CreatedOnToolsVersion = 14.2;
						TestTargetID = DA31BC6C2A39E88400F1C6E0;
					};
				};
			};
			buildConfigurationList = DA31BC682A39E88400F1C6E0 /* Build configuration list for PBXProject "NeverGiveUpBTC" */;
			compatibilityVersion = "Xcode 14.0";
			developmentRegion = en;
			hasScannedForEncodings = 0;
			knownRegions = (
				en,
				Base,
			);
			mainGroup = DA31BC642A39E88400F1C6E0;
			productRefGroup = DA31BC6E2A39E88400F1C6E0 /* Products */;
			projectDirPath = "";
			projectRoot = "";
			targets = (
				DA31BC6C2A39E88400F1C6E0 /* NeverGiveUpBTC */,
				DAEB44C72A3C5F3C0036FDA4 /* NeverGiveUpBTCTests */,
			);
		};
/* End PBXProject section */

/* Begin PBXResourcesBuildPhase section */
		DA31BC6B2A39E88400F1C6E0 /* Resources */ = {
			isa = PBXResourcesBuildPhase;
			buildActionMask = 2147483647;
			files = (
				DA31BC7D2A39E88600F1C6E0 /* LaunchScreen.storyboard in Resources */,
				DA31BC7A2A39E88600F1C6E0 /* Assets.xcassets in Resources */,
				DACE11AA2A3A3FA800738B16 /* BTCCardCollectionViewCell.xib in Resources */,
				DA31BC782A39E88400F1C6E0 /* Main.storyboard in Resources */,
				DA31BC982A39EC0F00F1C6E0 /* Mainpage.xib in Resources */,
				DADE93332A3B5EA4001823E5 /* HistoryBTCViewCell.xib in Resources */,
			);
			runOnlyForDeploymentPostprocessing = 0;
		};
		DAEB44C62A3C5F3C0036FDA4 /* Resources */ = {
			isa = PBXResourcesBuildPhase;
			buildActionMask = 2147483647;
			files = (
			);
			runOnlyForDeploymentPostprocessing = 0;
		};
/* End PBXResourcesBuildPhase section */

/* Begin PBXShellScriptBuildPhase section */
		1B8AA46C41A57B11578434C7 /* [CP] Embed Pods Frameworks */ = {
			isa = PBXShellScriptBuildPhase;
			buildActionMask = 2147483647;
			files = (
			);
			inputFileListPaths = (
				"${PODS_ROOT}/Target Support Files/Pods-NeverGiveUpBTC/Pods-NeverGiveUpBTC-frameworks-${CONFIGURATION}-input-files.xcfilelist",
			);
			name = "[CP] Embed Pods Frameworks";
			outputFileListPaths = (
				"${PODS_ROOT}/Target Support Files/Pods-NeverGiveUpBTC/Pods-NeverGiveUpBTC-frameworks-${CONFIGURATION}-output-files.xcfilelist",
			);
			runOnlyForDeploymentPostprocessing = 0;
			shellPath = /bin/sh;
			shellScript = "\"${PODS_ROOT}/Target Support Files/Pods-NeverGiveUpBTC/Pods-NeverGiveUpBTC-frameworks.sh\"\n";
			showEnvVarsInLog = 0;
		};
		D5CFB871577066BC75FEF36E /* [CP] Check Pods Manifest.lock */ = {
			isa = PBXShellScriptBuildPhase;
			buildActionMask = 2147483647;
			files = (
			);
			inputFileListPaths = (
			);
			inputPaths = (
				"${PODS_PODFILE_DIR_PATH}/Podfile.lock",
				"${PODS_ROOT}/Manifest.lock",
			);
			name = "[CP] Check Pods Manifest.lock";
			outputFileListPaths = (
			);
			outputPaths = (
				"$(DERIVED_FILE_DIR)/Pods-NeverGiveUpBTC-checkManifestLockResult.txt",
			);
			runOnlyForDeploymentPostprocessing = 0;
			shellPath = /bin/sh;
			shellScript = "diff \"${PODS_PODFILE_DIR_PATH}/Podfile.lock\" \"${PODS_ROOT}/Manifest.lock\" > /dev/null\nif [ $? != 0 ] ; then\n    # print error to STDERR\n    echo \"error: The sandbox is not in sync with the Podfile.lock. Run 'pod install' or update your CocoaPods installation.\" >&2\n    exit 1\nfi\n# This output is used by Xcode 'outputs' to avoid re-running this script phase.\necho \"SUCCESS\" > \"${SCRIPT_OUTPUT_FILE_0}\"\n";
			showEnvVarsInLog = 0;
		};
/* End PBXShellScriptBuildPhase section */

/* Begin PBXSourcesBuildPhase section */
		DA31BC692A39E88400F1C6E0 /* Sources */ = {
			isa = PBXSourcesBuildPhase;
			buildActionMask = 2147483647;
			files = (
				DA31BC752A39E88400F1C6E0 /* ViewController.swift in Sources */,
				DA31BC932A39EC0500F1C6E0 /* MainpageRouter.swift in Sources */,
				DACE11A42A39F93000738B16 /* BTCModel.swift in Sources */,
				DA31BC872A39EBAD00F1C6E0 /* NibLoadingView.swift in Sources */,
				DACE11A82A3A3F9B00738B16 /* BTCCardCollectionViewCell.swift in Sources */,
				DA31BC912A39EC0500F1C6E0 /* MainpagePresenter.swift in Sources */,
				DA31BC952A39EC0500F1C6E0 /* MainpageViewController.swift in Sources */,
				DA31BC712A39E88400F1C6E0 /* AppDelegate.swift in Sources */,
				DA31BC962A39EC0500F1C6E0 /* MainpageInteractor.swift in Sources */,
				DA31BC942A39EC0500F1C6E0 /* MainpageModels.swift in Sources */,
				DADE93352A3B5EB5001823E5 /* HistoryBTCViewCell.swift in Sources */,
				DA31BC732A39E88400F1C6E0 /* SceneDelegate.swift in Sources */,
				DA31BC922A39EC0500F1C6E0 /* MainpageWorker.swift in Sources */,
			);
			runOnlyForDeploymentPostprocessing = 0;
		};
		DAEB44C42A3C5F3C0036FDA4 /* Sources */ = {
			isa = PBXSourcesBuildPhase;
			buildActionMask = 2147483647;
			files = (
				DAEB44CB2A3C5F3C0036FDA4 /* NeverGiveUpBTCTests.swift in Sources */,
			);
			runOnlyForDeploymentPostprocessing = 0;
		};
/* End PBXSourcesBuildPhase section */

/* Begin PBXTargetDependency section */
		DAEB44CD2A3C5F3C0036FDA4 /* PBXTargetDependency */ = {
			isa = PBXTargetDependency;
			target = DA31BC6C2A39E88400F1C6E0 /* NeverGiveUpBTC */;
			targetProxy = DAEB44CC2A3C5F3C0036FDA4 /* PBXContainerItemProxy */;
		};
/* End PBXTargetDependency section */

/* Begin PBXVariantGroup section */
		DA31BC762A39E88400F1C6E0 /* Main.storyboard */ = {
			isa = PBXVariantGroup;
			children = (
				DA31BC772A39E88400F1C6E0 /* Base */,
			);
			name = Main.storyboard;
			sourceTree = "<group>";
		};
		DA31BC7B2A39E88600F1C6E0 /* LaunchScreen.storyboard */ = {
			isa = PBXVariantGroup;
			children = (
				DA31BC7C2A39E88600F1C6E0 /* Base */,
			);
			name = LaunchScreen.storyboard;
			sourceTree = "<group>";
		};
/* End PBXVariantGroup section */

/* Begin XCBuildConfiguration section */
		DA31BC7F2A39E88600F1C6E0 /* Debug */ = {
			isa = XCBuildConfiguration;
			buildSettings = {
				ALWAYS_SEARCH_USER_PATHS = NO;
				CLANG_ANALYZER_NONNULL = YES;
				CLANG_ANALYZER_NUMBER_OBJECT_CONVERSION = YES_AGGRESSIVE;
				CLANG_CXX_LANGUAGE_STANDARD = "gnu++20";
				CLANG_ENABLE_MODULES = YES;
				CLANG_ENABLE_OBJC_ARC = YES;
				CLANG_ENABLE_OBJC_WEAK = YES;
				CLANG_WARN_BLOCK_CAPTURE_AUTORELEASING = YES;
				CLANG_WARN_BOOL_CONVERSION = YES;
				CLANG_WARN_COMMA = YES;
				CLANG_WARN_CONSTANT_CONVERSION = YES;
				CLANG_WARN_DEPRECATED_OBJC_IMPLEMENTATIONS = YES;
				CLANG_WARN_DIRECT_OBJC_ISA_USAGE = YES_ERROR;
				CLANG_WARN_DOCUMENTATION_COMMENTS = YES;
				CLANG_WARN_EMPTY_BODY = YES;
				CLANG_WARN_ENUM_CONVERSION = YES;
				CLANG_WARN_INFINITE_RECURSION = YES;
				CLANG_WARN_INT_CONVERSION = YES;
				CLANG_WARN_NON_LITERAL_NULL_CONVERSION = YES;
				CLANG_WARN_OBJC_IMPLICIT_RETAIN_SELF = YES;
				CLANG_WARN_OBJC_LITERAL_CONVERSION = YES;
				CLANG_WARN_OBJC_ROOT_CLASS = YES_ERROR;
				CLANG_WARN_QUOTED_INCLUDE_IN_FRAMEWORK_HEADER = YES;
				CLANG_WARN_RANGE_LOOP_ANALYSIS = YES;
				CLANG_WARN_STRICT_PROTOTYPES = YES;
				CLANG_WARN_SUSPICIOUS_MOVE = YES;
				CLANG_WARN_UNGUARDED_AVAILABILITY = YES_AGGRESSIVE;
				CLANG_WARN_UNREACHABLE_CODE = YES;
				CLANG_WARN__DUPLICATE_METHOD_MATCH = YES;
				COPY_PHASE_STRIP = NO;
				DEBUG_INFORMATION_FORMAT = dwarf;
				ENABLE_STRICT_OBJC_MSGSEND = YES;
				ENABLE_TESTABILITY = YES;
				GCC_C_LANGUAGE_STANDARD = gnu11;
				GCC_DYNAMIC_NO_PIC = NO;
				GCC_NO_COMMON_BLOCKS = YES;
				GCC_OPTIMIZATION_LEVEL = 0;
				GCC_PREPROCESSOR_DEFINITIONS = (
					"DEBUG=1",
					"$(inherited)",
				);
				GCC_WARN_64_TO_32_BIT_CONVERSION = YES;
				GCC_WARN_ABOUT_RETURN_TYPE = YES_ERROR;
				GCC_WARN_UNDECLARED_SELECTOR = YES;
				GCC_WARN_UNINITIALIZED_AUTOS = YES_AGGRESSIVE;
				GCC_WARN_UNUSED_FUNCTION = YES;
				GCC_WARN_UNUSED_VARIABLE = YES;
				IPHONEOS_DEPLOYMENT_TARGET = 16.2;
				MTL_ENABLE_DEBUG_INFO = INCLUDE_SOURCE;
				MTL_FAST_MATH = YES;
				ONLY_ACTIVE_ARCH = YES;
				SDKROOT = iphoneos;
				SWIFT_ACTIVE_COMPILATION_CONDITIONS = DEBUG;
				SWIFT_OPTIMIZATION_LEVEL = "-Onone";
			};
			name = Debug;
		};
		DA31BC802A39E88600F1C6E0 /* Release */ = {
			isa = XCBuildConfiguration;
			buildSettings = {
				ALWAYS_SEARCH_USER_PATHS = NO;
				CLANG_ANALYZER_NONNULL = YES;
				CLANG_ANALYZER_NUMBER_OBJECT_CONVERSION = YES_AGGRESSIVE;
				CLANG_CXX_LANGUAGE_STANDARD = "gnu++20";
				CLANG_ENABLE_MODULES = YES;
				CLANG_ENABLE_OBJC_ARC = YES;
				CLANG_ENABLE_OBJC_WEAK = YES;
				CLANG_WARN_BLOCK_CAPTURE_AUTORELEASING = YES;
				CLANG_WARN_BOOL_CONVERSION = YES;
				CLANG_WARN_COMMA = YES;
				CLANG_WARN_CONSTANT_CONVERSION = YES;
				CLANG_WARN_DEPRECATED_OBJC_IMPLEMENTATIONS = YES;
				CLANG_WARN_DIRECT_OBJC_ISA_USAGE = YES_ERROR;
				CLANG_WARN_DOCUMENTATION_COMMENTS = YES;
				CLANG_WARN_EMPTY_BODY = YES;
				CLANG_WARN_ENUM_CONVERSION = YES;
				CLANG_WARN_INFINITE_RECURSION = YES;
				CLANG_WARN_INT_CONVERSION = YES;
				CLANG_WARN_NON_LITERAL_NULL_CONVERSION = YES;
				CLANG_WARN_OBJC_IMPLICIT_RETAIN_SELF = YES;
				CLANG_WARN_OBJC_LITERAL_CONVERSION = YES;
				CLANG_WARN_OBJC_ROOT_CLASS = YES_ERROR;
				CLANG_WARN_QUOTED_INCLUDE_IN_FRAMEWORK_HEADER = YES;
				CLANG_WARN_RANGE_LOOP_ANALYSIS = YES;
				CLANG_WARN_STRICT_PROTOTYPES = YES;
				CLANG_WARN_SUSPICIOUS_MOVE = YES;
				CLANG_WARN_UNGUARDED_AVAILABILITY = YES_AGGRESSIVE;
				CLANG_WARN_UNREACHABLE_CODE = YES;
				CLANG_WARN__DUPLICATE_METHOD_MATCH = YES;
				COPY_PHASE_STRIP = NO;
				DEBUG_INFORMATION_FORMAT = "dwarf-with-dsym";
				ENABLE_NS_ASSERTIONS = NO;
				ENABLE_STRICT_OBJC_MSGSEND = YES;
				GCC_C_LANGUAGE_STANDARD = gnu11;
				GCC_NO_COMMON_BLOCKS = YES;
				GCC_WARN_64_TO_32_BIT_CONVERSION = YES;
				GCC_WARN_ABOUT_RETURN_TYPE = YES_ERROR;
				GCC_WARN_UNDECLARED_SELECTOR = YES;
				GCC_WARN_UNINITIALIZED_AUTOS = YES_AGGRESSIVE;
				GCC_WARN_UNUSED_FUNCTION = YES;
				GCC_WARN_UNUSED_VARIABLE = YES;
				IPHONEOS_DEPLOYMENT_TARGET = 16.2;
				MTL_ENABLE_DEBUG_INFO = NO;
				MTL_FAST_MATH = YES;
				SDKROOT = iphoneos;
				SWIFT_COMPILATION_MODE = wholemodule;
				SWIFT_OPTIMIZATION_LEVEL = "-O";
				VALIDATE_PRODUCT = YES;
			};
			name = Release;
		};
		DA31BC822A39E88600F1C6E0 /* Debug */ = {
			isa = XCBuildConfiguration;
			baseConfigurationReference = EE8C7175411D14E4A9B8EFFF /* Pods-NeverGiveUpBTC.debug.xcconfig */;
			buildSettings = {
				ASSETCATALOG_COMPILER_APPICON_NAME = AppIcon;
				ASSETCATALOG_COMPILER_GLOBAL_ACCENT_COLOR_NAME = AccentColor;
				CODE_SIGN_STYLE = Automatic;
				CURRENT_PROJECT_VERSION = 1;
				DEVELOPMENT_TEAM = MGN9TDN5PJ;
				GENERATE_INFOPLIST_FILE = YES;
				INFOPLIST_FILE = NeverGiveUpBTC/Info.plist;
				INFOPLIST_KEY_UIApplicationSupportsIndirectInputEvents = YES;
				INFOPLIST_KEY_UILaunchStoryboardName = LaunchScreen;
				INFOPLIST_KEY_UIMainStoryboardFile = Main;
				INFOPLIST_KEY_UISupportedInterfaceOrientations_iPad = "UIInterfaceOrientationPortrait UIInterfaceOrientationPortraitUpsideDown UIInterfaceOrientationLandscapeLeft UIInterfaceOrientationLandscapeRight";
				INFOPLIST_KEY_UISupportedInterfaceOrientations_iPhone = "UIInterfaceOrientationPortrait UIInterfaceOrientationLandscapeLeft UIInterfaceOrientationLandscapeRight";
				LD_RUNPATH_SEARCH_PATHS = (
					"$(inherited)",
					"@executable_path/Frameworks",
				);
				MARKETING_VERSION = 1.0;
				PRODUCT_BUNDLE_IDENTIFIER = Paul.NeverGiveUpBTC;
				PRODUCT_NAME = "$(TARGET_NAME)";
				SWIFT_EMIT_LOC_STRINGS = YES;
				SWIFT_VERSION = 5.0;
				TARGETED_DEVICE_FAMILY = "1,2";
			};
			name = Debug;
		};
		DA31BC832A39E88600F1C6E0 /* Release */ = {
			isa = XCBuildConfiguration;
			baseConfigurationReference = B39B9FC087F299E35D572D34 /* Pods-NeverGiveUpBTC.release.xcconfig */;
			buildSettings = {
				ASSETCATALOG_COMPILER_APPICON_NAME = AppIcon;
				ASSETCATALOG_COMPILER_GLOBAL_ACCENT_COLOR_NAME = AccentColor;
				CODE_SIGN_STYLE = Automatic;
				CURRENT_PROJECT_VERSION = 1;
				DEVELOPMENT_TEAM = MGN9TDN5PJ;
				GENERATE_INFOPLIST_FILE = YES;
				INFOPLIST_FILE = NeverGiveUpBTC/Info.plist;
				INFOPLIST_KEY_UIApplicationSupportsIndirectInputEvents = YES;
				INFOPLIST_KEY_UILaunchStoryboardName = LaunchScreen;
				INFOPLIST_KEY_UIMainStoryboardFile = Main;
				INFOPLIST_KEY_UISupportedInterfaceOrientations_iPad = "UIInterfaceOrientationPortrait UIInterfaceOrientationPortraitUpsideDown UIInterfaceOrientationLandscapeLeft UIInterfaceOrientationLandscapeRight";
				INFOPLIST_KEY_UISupportedInterfaceOrientations_iPhone = "UIInterfaceOrientationPortrait UIInterfaceOrientationLandscapeLeft UIInterfaceOrientationLandscapeRight";
				LD_RUNPATH_SEARCH_PATHS = (
					"$(inherited)",
					"@executable_path/Frameworks",
				);
				MARKETING_VERSION = 1.0;
				PRODUCT_BUNDLE_IDENTIFIER = Paul.NeverGiveUpBTC;
				PRODUCT_NAME = "$(TARGET_NAME)";
				SWIFT_EMIT_LOC_STRINGS = YES;
				SWIFT_VERSION = 5.0;
				TARGETED_DEVICE_FAMILY = "1,2";
			};
			name = Release;
		};
		DAEB44CE2A3C5F3D0036FDA4 /* Debug */ = {
			isa = XCBuildConfiguration;
			buildSettings = {
				BUNDLE_LOADER = "$(TEST_HOST)";
				CODE_SIGN_STYLE = Automatic;
				CURRENT_PROJECT_VERSION = 1;
				DEVELOPMENT_TEAM = MGN9TDN5PJ;
				GENERATE_INFOPLIST_FILE = YES;
				MARKETING_VERSION = 1.0;
				PRODUCT_BUNDLE_IDENTIFIER = Paul.NeverGiveUpBTCTests;
				PRODUCT_NAME = "$(TARGET_NAME)";
				SWIFT_EMIT_LOC_STRINGS = NO;
				SWIFT_VERSION = 5.0;
				TARGETED_DEVICE_FAMILY = "1,2";
				TEST_HOST = "$(BUILT_PRODUCTS_DIR)/NeverGiveUpBTC.app/$(BUNDLE_EXECUTABLE_FOLDER_PATH)/NeverGiveUpBTC";
			};
			name = Debug;
		};
		DAEB44CF2A3C5F3D0036FDA4 /* Release */ = {
			isa = XCBuildConfiguration;
			buildSettings = {
				BUNDLE_LOADER = "$(TEST_HOST)";
				CODE_SIGN_STYLE = Automatic;
				CURRENT_PROJECT_VERSION = 1;
				DEVELOPMENT_TEAM = MGN9TDN5PJ;
				GENERATE_INFOPLIST_FILE = YES;
				MARKETING_VERSION = 1.0;
				PRODUCT_BUNDLE_IDENTIFIER = Paul.NeverGiveUpBTCTests;
				PRODUCT_NAME = "$(TARGET_NAME)";
				SWIFT_EMIT_LOC_STRINGS = NO;
				SWIFT_VERSION = 5.0;
				TARGETED_DEVICE_FAMILY = "1,2";
				TEST_HOST = "$(BUILT_PRODUCTS_DIR)/NeverGiveUpBTC.app/$(BUNDLE_EXECUTABLE_FOLDER_PATH)/NeverGiveUpBTC";
			};
			name = Release;
		};
/* End XCBuildConfiguration section */

/* Begin XCConfigurationList section */
		DA31BC682A39E88400F1C6E0 /* Build configuration list for PBXProject "NeverGiveUpBTC" */ = {
			isa = XCConfigurationList;
			buildConfigurations = (
				DA31BC7F2A39E88600F1C6E0 /* Debug */,
				DA31BC802A39E88600F1C6E0 /* Release */,
			);
			defaultConfigurationIsVisible = 0;
			defaultConfigurationName = Release;
		};
		DA31BC812A39E88600F1C6E0 /* Build configuration list for PBXNativeTarget "NeverGiveUpBTC" */ = {
			isa = XCConfigurationList;
			buildConfigurations = (
				DA31BC822A39E88600F1C6E0 /* Debug */,
				DA31BC832A39E88600F1C6E0 /* Release */,
			);
			defaultConfigurationIsVisible = 0;
			defaultConfigurationName = Release;
		};
		DAEB44D02A3C5F3D0036FDA4 /* Build configuration list for PBXNativeTarget "NeverGiveUpBTCTests" */ = {
			isa = XCConfigurationList;
			buildConfigurations = (
				DAEB44CE2A3C5F3D0036FDA4 /* Debug */,
				DAEB44CF2A3C5F3D0036FDA4 /* Release */,
			);
			defaultConfigurationIsVisible = 0;
			defaultConfigurationName = Release;
		};
/* End XCConfigurationList section */
	};
	rootObject = DA31BC652A39E88400F1C6E0 /* Project object */;
}
